
Microsoft Visual Studio Solution File, Format Version 12.00
# Visual Studio 15
VisualStudioVersion = 15.0.28307.705
MinimumVisualStudioVersion = 10.0.40219.1
Project("{FAE04EC0-301F-11D3-BF4B-00C04F79EFBC}") = "QuickDate", "QuickDate\QuickDate.csproj", "{0108147E-B49E-4B75-9503-54969FAFDD2D}"
EndProject
Project("{FAE04EC0-301F-11D3-BF4B-00C04F79EFBC}") = "QuickTest", "UnitTestProject2\QuickTest.csproj", "{D3FBD58F-8073-4950-A8BA-86A12517BDCC}"
EndProject
Global
	GlobalSection(SolutionConfigurationPlatforms) = preSolution
		Debug|Any CPU = Debug|Any CPU
		Release|Any CPU = Release|Any CPU
	EndGlobalSection
	GlobalSection(ProjectConfigurationPlatforms) = postSolution
		{0108147E-B49E-4B75-9503-54969FAFDD2D}.Debug|Any CPU.ActiveCfg = Debug|Any CPU
		{0108147E-B49E-4B75-9503-54969FAFDD2D}.Debug|Any CPU.Build.0 = Debug|Any CPU
		{0108147E-B49E-4B75-9503-54969FAFDD2D}.Release|Any CPU.ActiveCfg = Release|Any CPU
		{0108147E-B49E-4B75-9503-54969FAFDD2D}.Release|Any CPU.Build.0 = Release|Any CPU
		{D3FBD58F-8073-4950-A8BA-86A12517BDCC}.Debug|Any CPU.ActiveCfg = Debug|Any CPU
		{D3FBD58F-8073-4950-A8BA-86A12517BDCC}.Debug|Any CPU.Build.0 = Debug|Any CPU
		{D3FBD58F-8073-4950-A8BA-86A12517BDCC}.Release|Any CPU.ActiveCfg = Release|Any CPU
		{D3FBD58F-8073-4950-A8BA-86A12517BDCC}.Release|Any CPU.Build.0 = Release|Any CPU
	EndGlobalSection
	GlobalSection(SolutionProperties) = preSolution
		HideSolutionNode = FALSE
	EndGlobalSection
	GlobalSection(ExtensibilityGlobals) = postSolution
		SolutionGuid = {37B0C560-A76C-4795-AB24-C59CB85EDD22}
	EndGlobalSection
EndGlobal
